{
  "name": "hypertabs",
  "version": "5.0.1",
  "lockfileVersion": 1,
  "requires": true,
  "dependencies": {
    "browser-split": {
      "version": "0.0.0",
      "resolved": "https://registry.npmjs.org/browser-split/-/browser-split-0.0.0.tgz",
      "integrity": "sha1-QUGcrvdpdVkp3VGJZ9PuwKYmJ3E="
    },
    "class-list": {
      "version": "0.1.1",
      "resolved": "https://registry.npmjs.org/class-list/-/class-list-0.1.1.tgz",
      "integrity": "sha1-m5dFGSxBebXaCg12M2WOPHDXlss=",
      "requires": {
        "indexof": "0.0.1"
      }
    },
    "html-element": {
      "version": "1.3.0",
      "resolved": "https://registry.npmjs.org/html-element/-/html-element-1.3.0.tgz",
      "integrity": "sha1-117LXa6HSx3mCgv4eUu9GYTQ8gk=",
      "requires": {
        "class-list": "0.1.1"
      }
    },
    "hyperscript": {
      "version": "1.4.7",
      "resolved": "https://registry.npmjs.org/hyperscript/-/hyperscript-1.4.7.tgz",
      "integrity": "sha1-HyPYgPhDbKrCW5GnrDl0e4mnJhg=",
      "requires": {
        "browser-split": "0.0.0",
        "class-list": "0.1.1",
        "html-element": "1.3.0"
      }
    },
    "indexof": {
      "version": "0.0.1",
      "resolved": "https://registry.npmjs.org/indexof/-/indexof-0.0.1.tgz",
      "integrity": "sha1-gtwzbSMrkGIXnQWrMpOmYFn9Q10="
    },
    "micro-css": {
      "version": "1.0.0",
      "resolved": "https://registry.npmjs.org/micro-css/-/micro-css-1.0.0.tgz",
      "integrity": "sha1-/7+beKMXOUmnVAC9ogaQUkMEKUo=",
      "dev": true
    }
  }
}
